
Microsoft Visual Studio Solution File, Format Version 12.00
# Visual Studio Version 16
VisualStudioVersion = 16.0.33423.256
MinimumVisualStudioVersion = 10.0.40219.1
Project("{FAE04EC0-301F-11D3-BF4B-00C04F79EFBC}") = "TerminalLinux", "TerminalLinux\TerminalLinux.csproj", "{2E8237B0-AD3B-4001-9D7B-65915C0FCE1B}"
EndProject
Global
	GlobalSection(SolutionConfigurationPlatforms) = preSolution
		Debug|Any CPU = Debug|Any CPU
		Release|Any CPU = Release|Any CPU
	EndGlobalSection
	GlobalSection(ProjectConfigurationPlatforms) = postSolution
		{2E8237B0-AD3B-4001-9D7B-65915C0FCE1B}.Debug|Any CPU.ActiveCfg = Debug|Any CPU
		{2E8237B0-AD3B-4001-9D7B-65915C0FCE1B}.Debug|Any CPU.Build.0 = Debug|Any CPU
		{2E8237B0-AD3B-4001-9D7B-65915C0FCE1B}.Release|Any CPU.ActiveCfg = Release|Any CPU
		{2E8237B0-AD3B-4001-9D7B-65915C0FCE1B}.Release|Any CPU.Build.0 = Release|Any CPU
	EndGlobalSection
	GlobalSection(SolutionProperties) = preSolution
		HideSolutionNode = FALSE
	EndGlobalSection
	GlobalSection(ExtensibilityGlobals) = postSolution
		SolutionGuid = {77CF17CB-8EB0-45E7-9F75-F1AE6848C4E0}
	EndGlobalSection
EndGlobal
